{
  "name": "messagemachine",
  "version": "0.5.0",
  "lockfileVersion": 1,
  "requires": true,
  "dependencies": {
    "dayjs": {
      "version": "1.5.15",
      "resolved": "https://registry.npmjs.org/dayjs/-/dayjs-1.5.15.tgz",
      "integrity": "sha512-tFzqM7D4JDGjXPLZ/oJZ/EiEQgCmQNOllRNiYAJ9MMfIiDIjp1Vtyj3KDGelGF1o3mwmJhK16tNrDaMopE74Kw=="
    },
    "valid-url": {
      "version": "1.0.9",
      "resolved": "https://registry.npmjs.org/valid-url/-/valid-url-1.0.9.tgz",
      "integrity": "sha1-HBRHm0DxOXp1eC8RXkCGRHQzogA="
    }
  }
}
